{
    "_readme": [
        "This file locks the dependencies of your project to a known state",
        "Read more about it at http://getcomposer.org/doc/01-basic-usage.md#composer-lock-the-lock-file",
        "This file is @generated automatically"
    ],
    "hash": "1bfb3637cbe6c9d6ff32d33568dc03d6",
    "packages": [
        {
            "name": "sokil/php-list",
            "version": "0.0.5",
            "source": {
                "type": "git",
                "url": "https://github.com/sokil/php-list.git",
                "reference": "99cb3cf5aa608e09b507bac956213067c1fa83fc"
            },
            "dist": {
                "type": "zip",
                "url": "https://api.github.com/repos/sokil/php-list/zipball/99cb3cf5aa608e09b507bac956213067c1fa83fc",
                "reference": "99cb3cf5aa608e09b507bac956213067c1fa83fc",
                "shasum": ""
            },
            "require-dev": {
                "phpunit/phpunit": "3.7.*",
                "satooshi/php-coveralls": "dev-master"
            },
            "type": "library",
            "autoload": {
                "psr-4": {
                    "Sokil\\DataType\\": "src/"
                }
            },
            "notification-url": "https://packagist.org/downloads/",
            "license": [
                "MIT"
            ],
            "authors": [
                {
                    "name": "Dmytro Sokil",
                    "email": "dmytro.sokil@gmail.com"
                }
            ],
            "description": "Lists",
            "time": "2014-11-28 20:38:20"
        }
    ],
    "packages-dev": [],
    "aliases": [],
    "minimum-stability": "stable",
    "stability-flags": [],
    "prefer-stable": false,
    "platform": [],
    "platform-dev": []
}
